
Microsoft Visual Studio Solution File, Format Version 12.00
# Visual Studio Version 16
VisualStudioVersion = 16.0.30413.136
MinimumVisualStudioVersion = 10.0.40219.1
Project("{FAE04EC0-301F-11D3-BF4B-00C04F79EFBC}") = "Grid_App.Android", "Grid_App\Grid_App.Android\Grid_App.Android.csproj", "{2D3B8D59-0CF4-4327-ACAA-D6ED5684B86B}"
EndProject
Project("{FAE04EC0-301F-11D3-BF4B-00C04F79EFBC}") = "Grid_App", "Grid_App\Grid_App\Grid_App.csproj", "{CC3B27C0-F33B-47C3-91AC-AE115219133D}"
EndProject
Global
	GlobalSection(SolutionConfigurationPlatforms) = preSolution
		Debug|Any CPU = Debug|Any CPU
		Release|Any CPU = Release|Any CPU
	EndGlobalSection
	GlobalSection(ProjectConfigurationPlatforms) = postSolution
		{2D3B8D59-0CF4-4327-ACAA-D6ED5684B86B}.Debug|Any CPU.ActiveCfg = Debug|Any CPU
		{2D3B8D59-0CF4-4327-ACAA-D6ED5684B86B}.Debug|Any CPU.Build.0 = Debug|Any CPU
		{2D3B8D59-0CF4-4327-ACAA-D6ED5684B86B}.Debug|Any CPU.Deploy.0 = Debug|Any CPU
		{2D3B8D59-0CF4-4327-ACAA-D6ED5684B86B}.Release|Any CPU.ActiveCfg = Release|Any CPU
		{2D3B8D59-0CF4-4327-ACAA-D6ED5684B86B}.Release|Any CPU.Build.0 = Release|Any CPU
		{2D3B8D59-0CF4-4327-ACAA-D6ED5684B86B}.Release|Any CPU.Deploy.0 = Release|Any CPU
		{CC3B27C0-F33B-47C3-91AC-AE115219133D}.Debug|Any CPU.ActiveCfg = Debug|Any CPU
		{CC3B27C0-F33B-47C3-91AC-AE115219133D}.Debug|Any CPU.Build.0 = Debug|Any CPU
		{CC3B27C0-F33B-47C3-91AC-AE115219133D}.Debug|Any CPU.Deploy.0 = Debug|Any CPU
		{CC3B27C0-F33B-47C3-91AC-AE115219133D}.Release|Any CPU.ActiveCfg = Release|Any CPU
		{CC3B27C0-F33B-47C3-91AC-AE115219133D}.Release|Any CPU.Build.0 = Release|Any CPU
		{CC3B27C0-F33B-47C3-91AC-AE115219133D}.Release|Any CPU.Deploy.0 = Release|Any CPU
	EndGlobalSection
	GlobalSection(SolutionProperties) = preSolution
		HideSolutionNode = FALSE
	EndGlobalSection
	GlobalSection(ExtensibilityGlobals) = postSolution
		SolutionGuid = {20F13B07-35B8-445C-94F5-9B64E88E88E6}
	EndGlobalSection
EndGlobal
